Microsoft Visual Studio Solution File, Format Version 12.00
# Visual Studio Version 17
VisualStudioVersion = 17.5.2.0
MinimumVisualStudioVersion = 10.0.40219.1
Project("{2150E333-8FDC-42A3-9474-1A3956D46DE8}") = "dotnet", "dotnet", "{71E6E750-85FD-B5BC-4321-E01377EC6231}"
EndProject
Project("{FAE04EC0-301F-11D3-BF4B-00C04F79EFBC}") = "AkvAlwaysEncryptedSample", "dotnet\AkvAlwaysEncryptedSample\AkvAlwaysEncryptedSample.csproj", "{A570676B-75A2-F008-0B68-C65B1D3DBF06}"
EndProject
Global
	GlobalSection(SolutionConfigurationPlatforms) = preSolution
		Debug|Any CPU = Debug|Any CPU
		Release|Any CPU = Release|Any CPU
	EndGlobalSection
	GlobalSection(ProjectConfigurationPlatforms) = postSolution
		{A570676B-75A2-F008-0B68-C65B1D3DBF06}.Debug|Any CPU.ActiveCfg = Debug|Any CPU
		{A570676B-75A2-F008-0B68-C65B1D3DBF06}.Debug|Any CPU.Build.0 = Debug|Any CPU
		{A570676B-75A2-F008-0B68-C65B1D3DBF06}.Release|Any CPU.ActiveCfg = Release|Any CPU
		{A570676B-75A2-F008-0B68-C65B1D3DBF06}.Release|Any CPU.Build.0 = Release|Any CPU
	EndGlobalSection
	GlobalSection(SolutionProperties) = preSolution
		HideSolutionNode = FALSE
	EndGlobalSection
	GlobalSection(NestedProjects) = preSolution
		{A570676B-75A2-F008-0B68-C65B1D3DBF06} = {71E6E750-85FD-B5BC-4321-E01377EC6231}
	EndGlobalSection
	GlobalSection(ExtensibilityGlobals) = postSolution
		SolutionGuid = {56DA67FD-E08C-4C18-BA91-77A151B7CA39}
	EndGlobalSection
EndGlobal
